
Microsoft Visual Studio Solution File, Format Version 12.00
# Visual Studio Version 17
VisualStudioVersion = 17.9.34728.123
MinimumVisualStudioVersion = 10.0.40219.1
Project("{FAE04EC0-301F-11D3-BF4B-00C04F79EFBC}") = "DAL", "DAL\DAL.csproj", "{8416623C-27CA-401A-92FB-BCB95DB77A39}"
EndProject
Project("{FAE04EC0-301F-11D3-BF4B-00C04F79EFBC}") = "PRL", "PRL\PRL.csproj", "{F7ED8483-710E-4B93-9A89-DB60EE16EF4F}"
EndProject
Global
	GlobalSection(SolutionConfigurationPlatforms) = preSolution
		Debug|Any CPU = Debug|Any CPU
		Release|Any CPU = Release|Any CPU
	EndGlobalSection
	GlobalSection(ProjectConfigurationPlatforms) = postSolution
		{8416623C-27CA-401A-92FB-BCB95DB77A39}.Debug|Any CPU.ActiveCfg = Debug|Any CPU
		{8416623C-27CA-401A-92FB-BCB95DB77A39}.Debug|Any CPU.Build.0 = Debug|Any CPU
		{8416623C-27CA-401A-92FB-BCB95DB77A39}.Release|Any CPU.ActiveCfg = Release|Any CPU
		{8416623C-27CA-401A-92FB-BCB95DB77A39}.Release|Any CPU.Build.0 = Release|Any CPU
		{F7ED8483-710E-4B93-9A89-DB60EE16EF4F}.Debug|Any CPU.ActiveCfg = Debug|Any CPU
		{F7ED8483-710E-4B93-9A89-DB60EE16EF4F}.Debug|Any CPU.Build.0 = Debug|Any CPU
		{F7ED8483-710E-4B93-9A89-DB60EE16EF4F}.Release|Any CPU.ActiveCfg = Release|Any CPU
		{F7ED8483-710E-4B93-9A89-DB60EE16EF4F}.Release|Any CPU.Build.0 = Release|Any CPU
	EndGlobalSection
	GlobalSection(SolutionProperties) = preSolution
		HideSolutionNode = FALSE
	EndGlobalSection
	GlobalSection(ExtensibilityGlobals) = postSolution
		SolutionGuid = {0BB90A67-4363-44DD-8B1B-0503EE5CB4F2}
	EndGlobalSection
EndGlobal
